# THIS IS AN AUTOGENERATED FILE. DO NOT EDIT THIS FILE DIRECTLY.
# yarn lockfile v1


"@nestjs/mapped-types@0.1.1":
  version "0.1.1"
  resolved "https://registry.yarnpkg.com/@nestjs/mapped-types/-/mapped-types-0.1.1.tgz#2fa9ff0f1ddbe66d5d1c80ae59df21c0ed0d1361"
  integrity sha512-FROYmmZ2F+tLJP/aHasPMX40iUHQPtEAzOAcfAp21baebN5iLUrdyTuphoXjIqubfPFSwtnAGpVm9kLJjQ//ig==

"@nestjs/swagger@^4.7.9":
  version "4.7.9"
  resolved "https://registry.yarnpkg.com/@nestjs/swagger/-/swagger-4.7.9.tgz#062305c0f8875cd1af1924f210ee3f4bcd2f397e"
  integrity sha512-5WjtrrbWriHCBN9eDCgr43eTU1S/adlF7RaXjS9YDY553vFABqESfs7riZZy4WhBJ35ldfpzgYoyZv3Z/+DyHQ==
  dependencies:
    "@nestjs/mapped-types" "0.1.1"
    lodash "4.17.20"
    path-to-regexp "3.2.0"

lodash@4.17.20:
  version "4.17.20"
  resolved "https://registry.yarnpkg.com/lodash/-/lodash-4.17.20.tgz#b44a9b6297bcb698f1c51a3545a2b3b368d59c52"
  integrity sha512-PlhdFcillOINfeV7Ni6oF1TAEayyZBoZ8bcshTHqOYJYlrqzRK5hagpagky5o4HfCzzd1TRkXPMFq6cKk9rGmA==

path-to-regexp@3.2.0:
  version "3.2.0"
  resolved "https://registry.yarnpkg.com/path-to-regexp/-/path-to-regexp-3.2.0.tgz#fa7877ecbc495c601907562222453c43cc204a5f"
  integrity sha512-jczvQbCUS7XmS7o+y1aEO9OBVFeZBQ1MDSEqmO7xSoPgOPoowY/SxLpZ6Vh97/8qHZOteiCKb7gkG9gA2ZUxJA==

swagger-ui-dist@^3.18.1:
  version "3.38.0"
  resolved "https://registry.yarnpkg.com/swagger-ui-dist/-/swagger-ui-dist-3.38.0.tgz#fd7c6c04f2eb2dbfedd94722aa3148f3bf354cb5"
  integrity sha512-sselV8VY6f1BBauY9Sdmwz0jVaWTnGuHQWei7BaTpiUrLcoEUdmmK5bKefLXiwq+dx//es2S8mOvUS+tcXDsKg==

swagger-ui-express@^4.1.6:
  version "4.1.6"
  resolved "https://registry.yarnpkg.com/swagger-ui-express/-/swagger-ui-express-4.1.6.tgz#682294af3d5c70f74a1fa4d6a9b503a9ee55ea82"
  integrity sha512-Xs2BGGudvDBtL7RXcYtNvHsFtP1DBFPMJFRxHe5ez/VG/rzVOEjazJOOSc/kSCyxreCTKfJrII6MJlL9a6t8vw==
  dependencies:
    swagger-ui-dist "^3.18.1"
